// !$*UTF8*$!
{
	archiveVersion = 1;
	classes = {
	};
	objectVersion = 56;
	objects = {

/* Begin PBXBuildFile section */
		5FF0A39E2B679F30001CB288 /* AppDelegate.swift in Sources */ = {isa = PBXBuildFile; fileRef = 5FF0A39D2B679F30001CB288 /* AppDelegate.swift */; };
		5FF0A3A02B679F30001CB288 /* SceneDelegate.swift in Sources */ = {isa = PBXBuildFile; fileRef = 5FF0A39F2B679F30001CB288 /* SceneDelegate.swift */; };
		5FF0A3A22B679F30001CB288 /* ViewController.swift in Sources */ = {isa = PBXBuildFile; fileRef = 5FF0A3A12B679F30001CB288 /* ViewController.swift */; };
		5FF0A3A52B679F30001CB288 /* Main.storyboard in Resources */ = {isa = PBXBuildFile; fileRef = 5FF0A3A32B679F30001CB288 /* Main.storyboard */; };
		5FF0A3A72B679F31001CB288 /* Assets.xcassets in Resources */ = {isa = PBXBuildFile; fileRef = 5FF0A3A62B679F31001CB288 /* Assets.xcassets */; };
		5FF0A3AA2B679F31001CB288 /* LaunchScreen.storyboard in Resources */ = {isa = PBXBuildFile; fileRef = 5FF0A3A82B679F31001CB288 /* LaunchScreen.storyboard */; };
		5FF0A3B52B679F31001CB288 /* LabWork3Tests.swift in Sources */ = {isa = PBXBuildFile; fileRef = 5FF0A3B42B679F31001CB288 /* LabWork3Tests.swift */; };
		5FF0A3BF2B679F31001CB288 /* LabWork3UITests.swift in Sources */ = {isa = PBXBuildFile; fileRef = 5FF0A3BE2B679F31001CB288 /* LabWork3UITests.swift */; };
		5FF0A3C12B679F31001CB288 /* LabWork3UITestsLaunchTests.swift in Sources */ = {isa = PBXBuildFile; fileRef = 5FF0A3C02B679F31001CB288 /* LabWork3UITestsLaunchTests.swift */; };
/* End PBXBuildFile section */

/* Begin PBXContainerItemProxy section */
		5FF0A3B12B679F31001CB288 /* PBXContainerItemProxy */ = {
			isa = PBXContainerItemProxy;
			containerPortal = 5FF0A3922B679F30001CB288 /* Project object */;
			proxyType = 1;
			remoteGlobalIDString = 5FF0A3992B679F30001CB288;
			remoteInfo = LabWork3;
		};
		5FF0A3BB2B679F31001CB288 /* PBXContainerItemProxy */ = {
			isa = PBXContainerItemProxy;
			containerPortal = 5FF0A3922B679F30001CB288 /* Project object */;
			proxyType = 1;
			remoteGlobalIDString = 5FF0A3992B679F30001CB288;
			remoteInfo = LabWork3;
		};
/* End PBXContainerItemProxy section */

/* Begin PBXFileReference section */
		5FF0A39A2B679F30001CB288 /* LabWork3.app */ = {isa = PBXFileReference; explicitFileType = wrapper.application; includeInIndex = 0; path = LabWork3.app; sourceTree = BUILT_PRODUCTS_DIR; };
		5FF0A39D2B679F30001CB288 /* AppDelegate.swift */ = {isa = PBXFileReference; lastKnownFileType = sourcecode.swift; path = AppDelegate.swift; sourceTree = "<group>"; };
		5FF0A39F2B679F30001CB288 /* SceneDelegate.swift */ = {isa = PBXFileReference; lastKnownFileType = sourcecode.swift; path = SceneDelegate.swift; sourceTree = "<group>"; };
		5FF0A3A12B679F30001CB288 /* ViewController.swift */ = {isa = PBXFileReference; lastKnownFileType = sourcecode.swift; path = ViewController.swift; sourceTree = "<group>"; };
		5FF0A3A42B679F30001CB288 /* Base */ = {isa = PBXFileReference; lastKnownFileType = file.storyboard; name = Base; path = Base.lproj/Main.storyboard; sourceTree = "<group>"; };
		5FF0A3A62B679F31001CB288 /* Assets.xcassets */ = {isa = PBXFileReference; lastKnownFileType = folder.assetcatalog; path = Assets.xcassets; sourceTree = "<group>"; };
		5FF0A3A92B679F31001CB288 /* Base */ = {isa = PBXFileReference; lastKnownFileType = file.storyboard; name = Base; path = Base.lproj/LaunchScreen.storyboard; sourceTree = "<group>"; };
		5FF0A3AB2B679F31001CB288 /* Info.plist */ = {isa = PBXFileReference; lastKnownFileType = text.plist.xml; path = Info.plist; sourceTree = "<group>"; };
		5FF0A3B02B679F31001CB288 /* LabWork3Tests.xctest */ = {isa = PBXFileReference; explicitFileType = wrapper.cfbundle; includeInIndex = 0; path = LabWork3Tests.xctest; sourceTree = BUILT_PRODUCTS_DIR; };
		5FF0A3B42B679F31001CB288 /* LabWork3Tests.swift */ = {isa = PBXFileReference; lastKnownFileType = sourcecode.swift; path = LabWork3Tests.swift; sourceTree = "<group>"; };
		5FF0A3BA2B679F31001CB288 /* LabWork3UITests.xctest */ = {isa = PBXFileReference; explicitFileType = wrapper.cfbundle; includeInIndex = 0; path = LabWork3UITests.xctest; sourceTree = BUILT_PRODUCTS_DIR; };
		5FF0A3BE2B679F31001CB288 /* LabWork3UITests.swift */ = {isa = PBXFileReference; lastKnownFileType = sourcecode.swift; path = LabWork3UITests.swift; sourceTree = "<group>"; };
		5FF0A3C02B679F31001CB288 /* LabWork3UITestsLaunchTests.swift */ = {isa = PBXFileReference; lastKnownFileType = sourcecode.swift; path = LabWork3UITestsLaunchTests.swift; sourceTree = "<group>"; };
/* End PBXFileReference section */

/* Begin PBXFrameworksBuildPhase section */
		5FF0A3972B679F30001CB288 /* Frameworks */ = {
			isa = PBXFrameworksBuildPhase;
			buildActionMask = 2147483647;
			files = (
			);
			runOnlyForDeploymentPostprocessing = 0;
		};
		5FF0A3AD2B679F31001CB288 /* Frameworks */ = {
			isa = PBXFrameworksBuildPhase;
			buildActionMask = 2147483647;
			files = (
			);
			runOnlyForDeploymentPostprocessing = 0;
		};
		5FF0A3B72B679F31001CB288 /* Frameworks */ = {
			isa = PBXFrameworksBuildPhase;
			buildActionMask = 2147483647;
			files = (
			);
			runOnlyForDeploymentPostprocessing = 0;
		};
/* End PBXFrameworksBuildPhase section */

/* Begin PBXGroup section */
		5FF0A3912B679F30001CB288 = {
			isa = PBXGroup;
			children = (
				5FF0A39C2B679F30001CB288 /* LabWork3 */,
				5FF0A3B32B679F31001CB288 /* LabWork3Tests */,
				5FF0A3BD2B679F31001CB288 /* LabWork3UITests */,
				5FF0A39B2B679F30001CB288 /* Products */,
			);
			sourceTree = "<group>";
		};
		5FF0A39B2B679F30001CB288 /* Products */ = {
			isa = PBXGroup;
			children = (
				5FF0A39A2B679F30001CB288 /* LabWork3.app */,
				5FF0A3B02B679F31001CB288 /* LabWork3Tests.xctest */,
				5FF0A3BA2B679F31001CB288 /* LabWork3UITests.xctest */,
			);
			name = Products;
			sourceTree = "<group>";
		};
		5FF0A39C2B679F30001CB288 /* LabWork3 */ = {
			isa = PBXGroup;
			children = (
				5FF0A39D2B679F30001CB288 /* AppDelegate.swift */,
				5FF0A39F2B679F30001CB288 /* SceneDelegate.swift */,
				5FF0A3A12B679F30001CB288 /* ViewController.swift */,
				5FF0A3A32B679F30001CB288 /* Main.storyboard */,
				5FF0A3A62B679F31001CB288 /* Assets.xcassets */,
				5FF0A3A82B679F31001CB288 /* LaunchScreen.storyboard */,
				5FF0A3AB2B679F31001CB288 /* Info.plist */,
			);
			path = LabWork3;
			sourceTree = "<group>";
		};
		5FF0A3B32B679F31001CB288 /* LabWork3Tests */ = {
			isa = PBXGroup;
			children = (
				5FF0A3B42B679F31001CB288 /* LabWork3Tests.swift */,
			);
			path = LabWork3Tests;
			sourceTree = "<group>";
		};
		5FF0A3BD2B679F31001CB288 /* LabWork3UITests */ = {
			isa = PBXGroup;
			children = (
				5FF0A3BE2B679F31001CB288 /* LabWork3UITests.swift */,
				5FF0A3C02B679F31001CB288 /* LabWork3UITestsLaunchTests.swift */,
			);
			path = LabWork3UITests;
			sourceTree = "<group>";
		};
/* End PBXGroup section */

/* Begin PBXNativeTarget section */
		5FF0A3992B679F30001CB288 /* LabWork3 */ = {
			isa = PBXNativeTarget;
			buildConfigurationList = 5FF0A3C42B679F31001CB288 /* Build configuration list for PBXNativeTarget "LabWork3" */;
			buildPhases = (
				5FF0A3962B679F30001CB288 /* Sources */,
				5FF0A3972B679F30001CB288 /* Frameworks */,
				5FF0A3982B679F30001CB288 /* Resources */,
			);
			buildRules = (
			);
			dependencies = (
			);
			name = LabWork3;
			productName = LabWork3;
			productReference = 5FF0A39A2B679F30001CB288 /* LabWork3.app */;
			productType = "com.apple.product-type.application";
		};
		5FF0A3AF2B679F31001CB288 /* LabWork3Tests */ = {
			isa = PBXNativeTarget;
			buildConfigurationList = 5FF0A3C72B679F31001CB288 /* Build configuration list for PBXNativeTarget "LabWork3Tests" */;
			buildPhases = (
				5FF0A3AC2B679F31001CB288 /* Sources */,
				5FF0A3AD2B679F31001CB288 /* Frameworks */,
				5FF0A3AE2B679F31001CB288 /* Resources */,
			);
			buildRules = (
			);
			dependencies = (
				5FF0A3B22B679F31001CB288 /* PBXTargetDependency */,
			);
			name = LabWork3Tests;
			productName = LabWork3Tests;
			productReference = 5FF0A3B02B679F31001CB288 /* LabWork3Tests.xctest */;
			productType = "com.apple.product-type.bundle.unit-test";
		};
		5FF0A3B92B679F31001CB288 /* LabWork3UITests */ = {
			isa = PBXNativeTarget;
			buildConfigurationList = 5FF0A3CA2B679F31001CB288 /* Build configuration list for PBXNativeTarget "LabWork3UITests" */;
			buildPhases = (
				5FF0A3B62B679F31001CB288 /* Sources */,
				5FF0A3B72B679F31001CB288 /* Frameworks */,
				5FF0A3B82B679F31001CB288 /* Resources */,
			);
			buildRules = (
			);
			dependencies = (
				5FF0A3BC2B679F31001CB288 /* PBXTargetDependency */,
			);
			name = LabWork3UITests;
			productName = LabWork3UITests;
			productReference = 5FF0A3BA2B679F31001CB288 /* LabWork3UITests.xctest */;
			productType = "com.apple.product-type.bundle.ui-testing";
		};
/* End PBXNativeTarget section */

/* Begin PBXProject section */
		5FF0A3922B679F30001CB288 /* Project object */ = {
			isa = PBXProject;
			attributes = {
				BuildIndependentTargetsInParallel = 1;
				LastSwiftUpdateCheck = 1420;
				LastUpgradeCheck = 1420;
				TargetAttributes = {
					5FF0A3992B679F30001CB288 = {
						CreatedOnToolsVersion = 14.2;
					};
					5FF0A3AF2B679F31001CB288 = {
						CreatedOnToolsVersion = 14.2;
						TestTargetID = 5FF0A3992B679F30001CB288;
					};
					5FF0A3B92B679F31001CB288 = {
						CreatedOnToolsVersion = 14.2;
						TestTargetID = 5FF0A3992B679F30001CB288;
					};
				};
			};
			buildConfigurationList = 5FF0A3952B679F30001CB288 /* Build configuration list for PBXProject "LabWork3" */;
			compatibilityVersion = "Xcode 14.0";
			developmentRegion = en;
			hasScannedForEncodings = 0;
			knownRegions = (
				en,
				Base,
			);
			mainGroup = 5FF0A3912B679F30001CB288;
			productRefGroup = 5FF0A39B2B679F30001CB288 /* Products */;
			projectDirPath = "";
			projectRoot = "";
			targets = (
				5FF0A3992B679F30001CB288 /* LabWork3 */,
				5FF0A3AF2B679F31001CB288 /* LabWork3Tests */,
				5FF0A3B92B679F31001CB288 /* LabWork3UITests */,
			);
		};
/* End PBXProject section */

/* Begin PBXResourcesBuildPhase section */
		5FF0A3982B679F30001CB288 /* Resources */ = {
			isa = PBXResourcesBuildPhase;
			buildActionMask = 2147483647;
			files = (
				5FF0A3AA2B679F31001CB288 /* LaunchScreen.storyboard in Resources */,
				5FF0A3A72B679F31001CB288 /* Assets.xcassets in Resources */,
				5FF0A3A52B679F30001CB288 /* Main.storyboard in Resources */,
			);
			runOnlyForDeploymentPostprocessing = 0;
		};
		5FF0A3AE2B679F31001CB288 /* Resources */ = {
			isa = PBXResourcesBuildPhase;
			buildActionMask = 2147483647;
			files = (
			);
			runOnlyForDeploymentPostprocessing = 0;
		};
		5FF0A3B82B679F31001CB288 /* Resources */ = {
			isa = PBXResourcesBuildPhase;
			buildActionMask = 2147483647;
			files = (
			);
			runOnlyForDeploymentPostprocessing = 0;
		};
/* End PBXResourcesBuildPhase section */

/* Begin PBXSourcesBuildPhase section */
		5FF0A3962B679F30001CB288 /* Sources */ = {
			isa = PBXSourcesBuildPhase;
			buildActionMask = 2147483647;
			files = (
				5FF0A3A22B679F30001CB288 /* ViewController.swift in Sources */,
				5FF0A39E2B679F30001CB288 /* AppDelegate.swift in Sources */,
				5FF0A3A02B679F30001CB288 /* SceneDelegate.swift in Sources */,
			);
			runOnlyForDeploymentPostprocessing = 0;
		};
		5FF0A3AC2B679F31001CB288 /* Sources */ = {
			isa = PBXSourcesBuildPhase;
			buildActionMask = 2147483647;
			files = (
				5FF0A3B52B679F31001CB288 /* LabWork3Tests.swift in Sources */,
			);
			runOnlyForDeploymentPostprocessing = 0;
		};
		5FF0A3B62B679F31001CB288 /* Sources */ = {
			isa = PBXSourcesBuildPhase;
			buildActionMask = 2147483647;
			files = (
				5FF0A3C12B679F31001CB288 /* LabWork3UITestsLaunchTests.swift in Sources */,
				5FF0A3BF2B679F31001CB288 /* LabWork3UITests.swift in Sources */,
			);
			runOnlyForDeploymentPostprocessing = 0;
		};
/* End PBXSourcesBuildPhase section */

/* Begin PBXTargetDependency section */
		5FF0A3B22B679F31001CB288 /* PBXTargetDependency */ = {
			isa = PBXTargetDependency;
			target = 5FF0A3992B679F30001CB288 /* LabWork3 */;
			targetProxy = 5FF0A3B12B679F31001CB288 /* PBXContainerItemProxy */;
		};
		5FF0A3BC2B679F31001CB288 /* PBXTargetDependency */ = {
			isa = PBXTargetDependency;
			target = 5FF0A3992B679F30001CB288 /* LabWork3 */;
			targetProxy = 5FF0A3BB2B679F31001CB288 /* PBXContainerItemProxy */;
		};
/* End PBXTargetDependency section */

/* Begin PBXVariantGroup section */
		5FF0A3A32B679F30001CB288 /* Main.storyboard */ = {
			isa = PBXVariantGroup;
			children = (
				5FF0A3A42B679F30001CB288 /* Base */,
			);
			name = Main.storyboard;
			sourceTree = "<group>";
		};
		5FF0A3A82B679F31001CB288 /* LaunchScreen.storyboard */ = {
			isa = PBXVariantGroup;
			children = (
				5FF0A3A92B679F31001CB288 /* Base */,
			);
			name = LaunchScreen.storyboard;
			sourceTree = "<group>";
		};
/* End PBXVariantGroup section */

/* Begin XCBuildConfiguration section */
		5FF0A3C22B679F31001CB288 /* Debug */ = {
			isa = XCBuildConfiguration;
			buildSettings = {
				ALWAYS_SEARCH_USER_PATHS = NO;
				CLANG_ANALYZER_NONNULL = YES;
				CLANG_ANALYZER_NUMBER_OBJECT_CONVERSION = YES_AGGRESSIVE;
				CLANG_CXX_LANGUAGE_STANDARD = "gnu++20";
				CLANG_ENABLE_MODULES = YES;
				CLANG_ENABLE_OBJC_ARC = YES;
				CLANG_ENABLE_OBJC_WEAK = YES;
				CLANG_WARN_BLOCK_CAPTURE_AUTORELEASING = YES;
				CLANG_WARN_BOOL_CONVERSION = YES;
				CLANG_WARN_COMMA = YES;
				CLANG_WARN_CONSTANT_CONVERSION = YES;
				CLANG_WARN_DEPRECATED_OBJC_IMPLEMENTATIONS = YES;
				CLANG_WARN_DIRECT_OBJC_ISA_USAGE = YES_ERROR;
				CLANG_WARN_DOCUMENTATION_COMMENTS = YES;
				CLANG_WARN_EMPTY_BODY = YES;
				CLANG_WARN_ENUM_CONVERSION = YES;
				CLANG_WARN_INFINITE_RECURSION = YES;
				CLANG_WARN_INT_CONVERSION = YES;
				CLANG_WARN_NON_LITERAL_NULL_CONVERSION = YES;
				CLANG_WARN_OBJC_IMPLICIT_RETAIN_SELF = YES;
				CLANG_WARN_OBJC_LITERAL_CONVERSION = YES;
				CLANG_WARN_OBJC_ROOT_CLASS = YES_ERROR;
				CLANG_WARN_QUOTED_INCLUDE_IN_FRAMEWORK_HEADER = YES;
				CLANG_WARN_RANGE_LOOP_ANALYSIS = YES;
				CLANG_WARN_STRICT_PROTOTYPES = YES;
				CLANG_WARN_SUSPICIOUS_MOVE = YES;
				CLANG_WARN_UNGUARDED_AVAILABILITY = YES_AGGRESSIVE;
				CLANG_WARN_UNREACHABLE_CODE = YES;
				CLANG_WARN__DUPLICATE_METHOD_MATCH = YES;
				COPY_PHASE_STRIP = NO;
				DEBUG_INFORMATION_FORMAT = dwarf;
				ENABLE_STRICT_OBJC_MSGSEND = YES;
				ENABLE_TESTABILITY = YES;
				GCC_C_LANGUAGE_STANDARD = gnu11;
				GCC_DYNAMIC_NO_PIC = NO;
				GCC_NO_COMMON_BLOCKS = YES;
				GCC_OPTIMIZATION_LEVEL = 0;
				GCC_PREPROCESSOR_DEFINITIONS = (
					"DEBUG=1",
					"$(inherited)",
				);
				GCC_WARN_64_TO_32_BIT_CONVERSION = YES;
				GCC_WARN_ABOUT_RETURN_TYPE = YES_ERROR;
				GCC_WARN_UNDECLARED_SELECTOR = YES;
				GCC_WARN_UNINITIALIZED_AUTOS = YES_AGGRESSIVE;
				GCC_WARN_UNUSED_FUNCTION = YES;
				GCC_WARN_UNUSED_VARIABLE = YES;
				IPHONEOS_DEPLOYMENT_TARGET = 16.2;
				MTL_ENABLE_DEBUG_INFO = INCLUDE_SOURCE;
				MTL_FAST_MATH = YES;
				ONLY_ACTIVE_ARCH = YES;
				SDKROOT = iphoneos;
				SWIFT_ACTIVE_COMPILATION_CONDITIONS = DEBUG;
				SWIFT_OPTIMIZATION_LEVEL = "-Onone";
			};
			name = Debug;
		};
		5FF0A3C32B679F31001CB288 /* Release */ = {
			isa = XCBuildConfiguration;
			buildSettings = {
				ALWAYS_SEARCH_USER_PATHS = NO;
				CLANG_ANALYZER_NONNULL = YES;
				CLANG_ANALYZER_NUMBER_OBJECT_CONVERSION = YES_AGGRESSIVE;
				CLANG_CXX_LANGUAGE_STANDARD = "gnu++20";
				CLANG_ENABLE_MODULES = YES;
				CLANG_ENABLE_OBJC_ARC = YES;
				CLANG_ENABLE_OBJC_WEAK = YES;
				CLANG_WARN_BLOCK_CAPTURE_AUTORELEASING = YES;
				CLANG_WARN_BOOL_CONVERSION = YES;
				CLANG_WARN_COMMA = YES;
				CLANG_WARN_CONSTANT_CONVERSION = YES;
				CLANG_WARN_DEPRECATED_OBJC_IMPLEMENTATIONS = YES;
				CLANG_WARN_DIRECT_OBJC_ISA_USAGE = YES_ERROR;
				CLANG_WARN_DOCUMENTATION_COMMENTS = YES;
				CLANG_WARN_EMPTY_BODY = YES;
				CLANG_WARN_ENUM_CONVERSION = YES;
				CLANG_WARN_INFINITE_RECURSION = YES;
				CLANG_WARN_INT_CONVERSION = YES;
				CLANG_WARN_NON_LITERAL_NULL_CONVERSION = YES;
				CLANG_WARN_OBJC_IMPLICIT_RETAIN_SELF = YES;
				CLANG_WARN_OBJC_LITERAL_CONVERSION = YES;
				CLANG_WARN_OBJC_ROOT_CLASS = YES_ERROR;
				CLANG_WARN_QUOTED_INCLUDE_IN_FRAMEWORK_HEADER = YES;
				CLANG_WARN_RANGE_LOOP_ANALYSIS = YES;
				CLANG_WARN_STRICT_PROTOTYPES = YES;
				CLANG_WARN_SUSPICIOUS_MOVE = YES;
				CLANG_WARN_UNGUARDED_AVAILABILITY = YES_AGGRESSIVE;
				CLANG_WARN_UNREACHABLE_CODE = YES;
				CLANG_WARN__DUPLICATE_METHOD_MATCH = YES;
				COPY_PHASE_STRIP = NO;
				DEBUG_INFORMATION_FORMAT = "dwarf-with-dsym";
				ENABLE_NS_ASSERTIONS = NO;
				ENABLE_STRICT_OBJC_MSGSEND = YES;
				GCC_C_LANGUAGE_STANDARD = gnu11;
				GCC_NO_COMMON_BLOCKS = YES;
				GCC_WARN_64_TO_32_BIT_CONVERSION = YES;
				GCC_WARN_ABOUT_RETURN_TYPE = YES_ERROR;
				GCC_WARN_UNDECLARED_SELECTOR = YES;
				GCC_WARN_UNINITIALIZED_AUTOS = YES_AGGRESSIVE;
				GCC_WARN_UNUSED_FUNCTION = YES;
				GCC_WARN_UNUSED_VARIABLE = YES;
				IPHONEOS_DEPLOYMENT_TARGET = 16.2;
				MTL_ENABLE_DEBUG_INFO = NO;
				MTL_FAST_MATH = YES;
				SDKROOT = iphoneos;
				SWIFT_COMPILATION_MODE = wholemodule;
				SWIFT_OPTIMIZATION_LEVEL = "-O";
				VALIDATE_PRODUCT = YES;
			};
			name = Release;
		};
		5FF0A3C52B679F31001CB288 /* Debug */ = {
			isa = XCBuildConfiguration;
			buildSettings = {
				ASSETCATALOG_COMPILER_APPICON_NAME = AppIcon;
				ASSETCATALOG_COMPILER_GLOBAL_ACCENT_COLOR_NAME = AccentColor;
				CODE_SIGN_STYLE = Automatic;
				CURRENT_PROJECT_VERSION = 1;
				GENERATE_INFOPLIST_FILE = YES;
				INFOPLIST_FILE = LabWork3/Info.plist;
				INFOPLIST_KEY_UIApplicationSupportsIndirectInputEvents = YES;
				INFOPLIST_KEY_UILaunchStoryboardName = LaunchScreen;
				INFOPLIST_KEY_UIMainStoryboardFile = Main;
				INFOPLIST_KEY_UISupportedInterfaceOrientations_iPad = "UIInterfaceOrientationPortrait UIInterfaceOrientationPortraitUpsideDown UIInterfaceOrientationLandscapeLeft UIInterfaceOrientationLandscapeRight";
				INFOPLIST_KEY_UISupportedInterfaceOrientations_iPhone = "UIInterfaceOrientationPortrait UIInterfaceOrientationLandscapeLeft UIInterfaceOrientationLandscapeRight";
				LD_RUNPATH_SEARCH_PATHS = (
					"$(inherited)",
					"@executable_path/Frameworks",
				);
				MARKETING_VERSION = 1.0;
				PRODUCT_BUNDLE_IDENTIFIER = com.conestoga.LabWork3;
				PRODUCT_NAME = "$(TARGET_NAME)";
				SWIFT_EMIT_LOC_STRINGS = YES;
				SWIFT_VERSION = 5.0;
				TARGETED_DEVICE_FAMILY = "1,2";
			};
			name = Debug;
		};
		5FF0A3C62B679F31001CB288 /* Release */ = {
			isa = XCBuildConfiguration;
			buildSettings = {
				ASSETCATALOG_COMPILER_APPICON_NAME = AppIcon;
				ASSETCATALOG_COMPILER_GLOBAL_ACCENT_COLOR_NAME = AccentColor;
				CODE_SIGN_STYLE = Automatic;
				CURRENT_PROJECT_VERSION = 1;
				GENERATE_INFOPLIST_FILE = YES;
				INFOPLIST_FILE = LabWork3/Info.plist;
				INFOPLIST_KEY_UIApplicationSupportsIndirectInputEvents = YES;
				INFOPLIST_KEY_UILaunchStoryboardName = LaunchScreen;
				INFOPLIST_KEY_UIMainStoryboardFile = Main;
				INFOPLIST_KEY_UISupportedInterfaceOrientations_iPad = "UIInterfaceOrientationPortrait UIInterfaceOrientationPortraitUpsideDown UIInterfaceOrientationLandscapeLeft UIInterfaceOrientationLandscapeRight";
				INFOPLIST_KEY_UISupportedInterfaceOrientations_iPhone = "UIInterfaceOrientationPortrait UIInterfaceOrientationLandscapeLeft UIInterfaceOrientationLandscapeRight";
				LD_RUNPATH_SEARCH_PATHS = (
					"$(inherited)",
					"@executable_path/Frameworks",
				);
				MARKETING_VERSION = 1.0;
				PRODUCT_BUNDLE_IDENTIFIER = com.conestoga.LabWork3;
				PRODUCT_NAME = "$(TARGET_NAME)";
				SWIFT_EMIT_LOC_STRINGS = YES;
				SWIFT_VERSION = 5.0;
				TARGETED_DEVICE_FAMILY = "1,2";
			};
			name = Release;
		};
		5FF0A3C82B679F31001CB288 /* Debug */ = {
			isa = XCBuildConfiguration;
			buildSettings = {
				ALWAYS_EMBED_SWIFT_STANDARD_LIBRARIES = YES;
				BUNDLE_LOADER = "$(TEST_HOST)";
				CODE_SIGN_STYLE = Automatic;
				CURRENT_PROJECT_VERSION = 1;
				GENERATE_INFOPLIST_FILE = YES;
				IPHONEOS_DEPLOYMENT_TARGET = 16.2;
				MARKETING_VERSION = 1.0;
				PRODUCT_BUNDLE_IDENTIFIER = com.conestoga.LabWork3Tests;
				PRODUCT_NAME = "$(TARGET_NAME)";
				SWIFT_EMIT_LOC_STRINGS = NO;
				SWIFT_VERSION = 5.0;
				TARGETED_DEVICE_FAMILY = "1,2";
				TEST_HOST = "$(BUILT_PRODUCTS_DIR)/LabWork3.app/$(BUNDLE_EXECUTABLE_FOLDER_PATH)/LabWork3";
			};
			name = Debug;
		};
		5FF0A3C92B679F31001CB288 /* Release */ = {
			isa = XCBuildConfiguration;
			buildSettings = {
				ALWAYS_EMBED_SWIFT_STANDARD_LIBRARIES = YES;
				BUNDLE_LOADER = "$(TEST_HOST)";
				CODE_SIGN_STYLE = Automatic;
				CURRENT_PROJECT_VERSION = 1;
				GENERATE_INFOPLIST_FILE = YES;
				IPHONEOS_DEPLOYMENT_TARGET = 16.2;
				MARKETING_VERSION = 1.0;
				PRODUCT_BUNDLE_IDENTIFIER = com.conestoga.LabWork3Tests;
				PRODUCT_NAME = "$(TARGET_NAME)";
				SWIFT_EMIT_LOC_STRINGS = NO;
				SWIFT_VERSION = 5.0;
				TARGETED_DEVICE_FAMILY = "1,2";
				TEST_HOST = "$(BUILT_PRODUCTS_DIR)/LabWork3.app/$(BUNDLE_EXECUTABLE_FOLDER_PATH)/LabWork3";
			};
			name = Release;
		};
		5FF0A3CB2B679F31001CB288 /* Debug */ = {
			isa = XCBuildConfiguration;
			buildSettings = {
				ALWAYS_EMBED_SWIFT_STANDARD_LIBRARIES = YES;
				CODE_SIGN_STYLE = Automatic;
				CURRENT_PROJECT_VERSION = 1;
				GENERATE_INFOPLIST_FILE = YES;
				MARKETING_VERSION = 1.0;
				PRODUCT_BUNDLE_IDENTIFIER = com.conestoga.LabWork3UITests;
				PRODUCT_NAME = "$(TARGET_NAME)";
				SWIFT_EMIT_LOC_STRINGS = NO;
				SWIFT_VERSION = 5.0;
				TARGETED_DEVICE_FAMILY = "1,2";
				TEST_TARGET_NAME = LabWork3;
			};
			name = Debug;
		};
		5FF0A3CC2B679F31001CB288 /* Release */ = {
			isa = XCBuildConfiguration;
			buildSettings = {
				ALWAYS_EMBED_SWIFT_STANDARD_LIBRARIES = YES;
				CODE_SIGN_STYLE = Automatic;
				CURRENT_PROJECT_VERSION = 1;
				GENERATE_INFOPLIST_FILE = YES;
				MARKETING_VERSION = 1.0;
				PRODUCT_BUNDLE_IDENTIFIER = com.conestoga.LabWork3UITests;
				PRODUCT_NAME = "$(TARGET_NAME)";
				SWIFT_EMIT_LOC_STRINGS = NO;
				SWIFT_VERSION = 5.0;
				TARGETED_DEVICE_FAMILY = "1,2";
				TEST_TARGET_NAME = LabWork3;
			};
			name = Release;
		};
/* End XCBuildConfiguration section */

/* Begin XCConfigurationList section */
		5FF0A3952B679F30001CB288 /* Build configuration list for PBXProject "LabWork3" */ = {
			isa = XCConfigurationList;
			buildConfigurations = (
				5FF0A3C22B679F31001CB288 /* Debug */,
				5FF0A3C32B679F31001CB288 /* Release */,
			);
			defaultConfigurationIsVisible = 0;
			defaultConfigurationName = Release;
		};
		5FF0A3C42B679F31001CB288 /* Build configuration list for PBXNativeTarget "LabWork3" */ = {
			isa = XCConfigurationList;
			buildConfigurations = (
				5FF0A3C52B679F31001CB288 /* Debug */,
				5FF0A3C62B679F31001CB288 /* Release */,
			);
			defaultConfigurationIsVisible = 0;
			defaultConfigurationName = Release;
		};
		5FF0A3C72B679F31001CB288 /* Build configuration list for PBXNativeTarget "LabWork3Tests" */ = {
			isa = XCConfigurationList;
			buildConfigurations = (
				5FF0A3C82B679F31001CB288 /* Debug */,
				5FF0A3C92B679F31001CB288 /* Release */,
			);
			defaultConfigurationIsVisible = 0;
			defaultConfigurationName = Release;
		};
		5FF0A3CA2B679F31001CB288 /* Build configuration list for PBXNativeTarget "LabWork3UITests" */ = {
			isa = XCConfigurationList;
			buildConfigurations = (
				5FF0A3CB2B679F31001CB288 /* Debug */,
				5FF0A3CC2B679F31001CB288 /* Release */,
			);
			defaultConfigurationIsVisible = 0;
			defaultConfigurationName = Release;
		};
/* End XCConfigurationList section */
	};
	rootObject = 5FF0A3922B679F30001CB288 /* Project object */;
}
